
Microsoft Visual Studio Solution File, Format Version 12.00
# Visual Studio Version 16
VisualStudioVersion = 16.0.29806.167
MinimumVisualStudioVersion = 10.0.40219.1
Project("{FAE04EC0-301F-11D3-BF4B-00C04F79EFBC}") = "FrmMemoryGame", "FrmMemoryGame\FrmMemoryGame.csproj", "{2C2331C4-C16D-4F64-B602-3AC8BA2B727C}"
EndProject
Project("{FAE04EC0-301F-11D3-BF4B-00C04F79EFBC}") = "FindImages", "FindImages\FindImages.csproj", "{C7F18E94-5CB8-434E-AB0C-1352C56AD4DF}"
EndProject
Global
	GlobalSection(SolutionConfigurationPlatforms) = preSolution
		Debug|Any CPU = Debug|Any CPU
		Release|Any CPU = Release|Any CPU
	EndGlobalSection
	GlobalSection(ProjectConfigurationPlatforms) = postSolution
		{2C2331C4-C16D-4F64-B602-3AC8BA2B727C}.Debug|Any CPU.ActiveCfg = Debug|Any CPU
		{2C2331C4-C16D-4F64-B602-3AC8BA2B727C}.Debug|Any CPU.Build.0 = Debug|Any CPU
		{2C2331C4-C16D-4F64-B602-3AC8BA2B727C}.Release|Any CPU.ActiveCfg = Release|Any CPU
		{2C2331C4-C16D-4F64-B602-3AC8BA2B727C}.Release|Any CPU.Build.0 = Release|Any CPU
		{C7F18E94-5CB8-434E-AB0C-1352C56AD4DF}.Debug|Any CPU.ActiveCfg = Debug|Any CPU
		{C7F18E94-5CB8-434E-AB0C-1352C56AD4DF}.Debug|Any CPU.Build.0 = Debug|Any CPU
		{C7F18E94-5CB8-434E-AB0C-1352C56AD4DF}.Release|Any CPU.ActiveCfg = Release|Any CPU
		{C7F18E94-5CB8-434E-AB0C-1352C56AD4DF}.Release|Any CPU.Build.0 = Release|Any CPU
	EndGlobalSection
	GlobalSection(SolutionProperties) = preSolution
		HideSolutionNode = FALSE
	EndGlobalSection
	GlobalSection(ExtensibilityGlobals) = postSolution
		SolutionGuid = {E9F2BB7A-C579-4766-937F-5FC34947A84E}
	EndGlobalSection
EndGlobal
